// !$*UTF8*$!
{
	archiveVersion = 1;
	classes = {
	};
	objectVersion = 48;
	objects = {

/* Begin PBXBuildFile section */
		BC1A4A782069B7AA00ED7463 /* TappingGame.swift in Sources */ = {isa = PBXBuildFile; fileRef = BC1A4A772069B7AA00ED7463 /* TappingGame.swift */; };
		BC1A4A7A2069B8D500ED7463 /* TappingGameViewController.swift in Sources */ = {isa = PBXBuildFile; fileRef = BC1A4A792069B8D500ED7463 /* TappingGameViewController.swift */; };
		BC1A71802038E71E00B2ECE6 /* AppDelegate.swift in Sources */ = {isa = PBXBuildFile; fileRef = BC1A717F2038E71E00B2ECE6 /* AppDelegate.swift */; };
		BC1A71882038E71E00B2ECE6 /* GameViewController.swift in Sources */ = {isa = PBXBuildFile; fileRef = BC1A71872038E71E00B2ECE6 /* GameViewController.swift */; };
		BC1A718D2038E71E00B2ECE6 /* Assets.xcassets in Resources */ = {isa = PBXBuildFile; fileRef = BC1A718C2038E71E00B2ECE6 /* Assets.xcassets */; };
		BC99362F2072C7AA00F8F551 /* SettingsViewController.swift in Sources */ = {isa = PBXBuildFile; fileRef = BC99362E2072C7AA00F8F551 /* SettingsViewController.swift */; };
		BCA9603B2060560E00451BC8 /* ReadingRobot.db in Resources */ = {isa = PBXBuildFile; fileRef = BCA9603A2060516900451BC8 /* ReadingRobot.db */; };
		BCA9603D2060733800451BC8 /* music.mp3 in Resources */ = {isa = PBXBuildFile; fileRef = BCA9603C2060733700451BC8 /* music.mp3 */; };
		BCB8E7F7203F109500C12886 /* GameScene.swift in Sources */ = {isa = PBXBuildFile; fileRef = BCB8E7F6203F109500C12886 /* GameScene.swift */; };
		BCB8E805203F12FA00C12886 /* Main.storyboard in Resources */ = {isa = PBXBuildFile; fileRef = BCB8E801203F12FA00C12886 /* Main.storyboard */; };
		BCB8E806203F12FA00C12886 /* LaunchScreen.storyboard in Resources */ = {isa = PBXBuildFile; fileRef = BCB8E803203F12FA00C12886 /* LaunchScreen.storyboard */; };
		D5150C97203F6A8200D75CD0 /* CollectionViewCell.swift in Sources */ = {isa = PBXBuildFile; fileRef = D5150C96203F6A8200D75CD0 /* CollectionViewCell.swift */; };
		D5873E4520729542008B3263 /* ProgressViewController.swift in Sources */ = {isa = PBXBuildFile; fileRef = D5873E4420729542008B3263 /* ProgressViewController.swift */; };
		D5873E492072AA5B008B3263 /* ProgressTableViewCell.swift in Sources */ = {isa = PBXBuildFile; fileRef = D5873E482072AA5B008B3263 /* ProgressTableViewCell.swift */; };
		D5909FB0203F3F0000C9BEF1 /* TitleViewController.swift in Sources */ = {isa = PBXBuildFile; fileRef = D5909FAF203F3F0000C9BEF1 /* TitleViewController.swift */; };
		D5909FB2203F40F300C9BEF1 /* LevelViewController.swift in Sources */ = {isa = PBXBuildFile; fileRef = D5909FB1203F40F300C9BEF1 /* LevelViewController.swift */; };
		D5FFB68F2046321800619A1D /* AccountViewController.swift in Sources */ = {isa = PBXBuildFile; fileRef = D5FFB68E2046321800619A1D /* AccountViewController.swift */; };
/* End PBXBuildFile section */

/* Begin PBXFileReference section */
		BC1A4A772069B7AA00ED7463 /* TappingGame.swift */ = {isa = PBXFileReference; lastKnownFileType = sourcecode.swift; path = TappingGame.swift; sourceTree = "<group>"; };
		BC1A4A792069B8D500ED7463 /* TappingGameViewController.swift */ = {isa = PBXFileReference; lastKnownFileType = sourcecode.swift; path = TappingGameViewController.swift; sourceTree = "<group>"; };
		BC1A717C2038E71E00B2ECE6 /* Reading_Robot.app */ = {isa = PBXFileReference; explicitFileType = wrapper.application; includeInIndex = 0; path = Reading_Robot.app; sourceTree = BUILT_PRODUCTS_DIR; };
		BC1A717F2038E71E00B2ECE6 /* AppDelegate.swift */ = {isa = PBXFileReference; lastKnownFileType = sourcecode.swift; path = AppDelegate.swift; sourceTree = "<group>"; };
		BC1A71872038E71E00B2ECE6 /* GameViewController.swift */ = {isa = PBXFileReference; lastKnownFileType = sourcecode.swift; path = GameViewController.swift; sourceTree = "<group>"; };
		BC1A718C2038E71E00B2ECE6 /* Assets.xcassets */ = {isa = PBXFileReference; lastKnownFileType = folder.assetcatalog; path = Assets.xcassets; sourceTree = "<group>"; };
		BC1A71912038E71E00B2ECE6 /* Info.plist */ = {isa = PBXFileReference; fileEncoding = 4; lastKnownFileType = text.plist.xml; path = Info.plist; sourceTree = "<group>"; };
		BC99362E2072C7AA00F8F551 /* SettingsViewController.swift */ = {isa = PBXFileReference; lastKnownFileType = sourcecode.swift; path = SettingsViewController.swift; sourceTree = "<group>"; };
		BCA9603A2060516900451BC8 /* ReadingRobot.db */ = {isa = PBXFileReference; lastKnownFileType = file; path = ReadingRobot.db; sourceTree = "<group>"; };
		BCA9603C2060733700451BC8 /* music.mp3 */ = {isa = PBXFileReference; lastKnownFileType = audio.mp3; path = music.mp3; sourceTree = "<group>"; };
		BCB8E7F6203F109500C12886 /* GameScene.swift */ = {isa = PBXFileReference; fileEncoding = 4; lastKnownFileType = sourcecode.swift; path = GameScene.swift; sourceTree = "<group>"; };
		BCB8E802203F12FA00C12886 /* Base */ = {isa = PBXFileReference; lastKnownFileType = file.storyboard; name = Base; path = Base.lproj/Main.storyboard; sourceTree = "<group>"; };
		BCB8E804203F12FA00C12886 /* Base */ = {isa = PBXFileReference; lastKnownFileType = file.storyboard; name = Base; path = Base.lproj/LaunchScreen.storyboard; sourceTree = "<group>"; };
		D5150C96203F6A8200D75CD0 /* CollectionViewCell.swift */ = {isa = PBXFileReference; lastKnownFileType = sourcecode.swift; path = CollectionViewCell.swift; sourceTree = "<group>"; };
		D5873E4420729542008B3263 /* ProgressViewController.swift */ = {isa = PBXFileReference; lastKnownFileType = sourcecode.swift; path = ProgressViewController.swift; sourceTree = "<group>"; };
		D5873E482072AA5B008B3263 /* ProgressTableViewCell.swift */ = {isa = PBXFileReference; lastKnownFileType = sourcecode.swift; path = ProgressTableViewCell.swift; sourceTree = "<group>"; };
		D5909FAF203F3F0000C9BEF1 /* TitleViewController.swift */ = {isa = PBXFileReference; lastKnownFileType = sourcecode.swift; path = TitleViewController.swift; sourceTree = "<group>"; };
		D5909FB1203F40F300C9BEF1 /* LevelViewController.swift */ = {isa = PBXFileReference; fileEncoding = 4; lastKnownFileType = sourcecode.swift; path = LevelViewController.swift; sourceTree = "<group>"; };
		D5FFB68E2046321800619A1D /* AccountViewController.swift */ = {isa = PBXFileReference; lastKnownFileType = sourcecode.swift; path = AccountViewController.swift; sourceTree = "<group>"; };
/* End PBXFileReference section */

/* Begin PBXFrameworksBuildPhase section */
		BC1A71792038E71E00B2ECE6 /* Frameworks */ = {
			isa = PBXFrameworksBuildPhase;
			buildActionMask = 2147483647;
			files = (
			);
			runOnlyForDeploymentPostprocessing = 0;
		};
/* End PBXFrameworksBuildPhase section */

/* Begin PBXGroup section */
		BC1A71732038E71E00B2ECE6 = {
			isa = PBXGroup;
			children = (
				BC1A717E2038E71E00B2ECE6 /* Reading_Robot */,
				BC1A717D2038E71E00B2ECE6 /* Products */,
			);
			sourceTree = "<group>";
		};
		BC1A717D2038E71E00B2ECE6 /* Products */ = {
			isa = PBXGroup;
			children = (
				BC1A717C2038E71E00B2ECE6 /* Reading_Robot.app */,
			);
			name = Products;
			sourceTree = "<group>";
		};
		BC1A717E2038E71E00B2ECE6 /* Reading_Robot */ = {
			isa = PBXGroup;
			children = (
				BCB8E7F6203F109500C12886 /* GameScene.swift */,
				BC1A717F2038E71E00B2ECE6 /* AppDelegate.swift */,
				D5909FAF203F3F0000C9BEF1 /* TitleViewController.swift */,
				D5909FB1203F40F300C9BEF1 /* LevelViewController.swift */,
				D5873E4420729542008B3263 /* ProgressViewController.swift */,
				D5873E482072AA5B008B3263 /* ProgressTableViewCell.swift */,
				D5150C96203F6A8200D75CD0 /* CollectionViewCell.swift */,
				BCA9603C2060733700451BC8 /* music.mp3 */,
				BC1A71872038E71E00B2ECE6 /* GameViewController.swift */,
				D5FFB68E2046321800619A1D /* AccountViewController.swift */,
				BC1A718C2038E71E00B2ECE6 /* Assets.xcassets */,
				BCB8E803203F12FA00C12886 /* LaunchScreen.storyboard */,
				BCA9603A2060516900451BC8 /* ReadingRobot.db */,
				BCB8E801203F12FA00C12886 /* Main.storyboard */,
				BC1A71912038E71E00B2ECE6 /* Info.plist */,
				BC1A4A772069B7AA00ED7463 /* TappingGame.swift */,
				BC1A4A792069B8D500ED7463 /* TappingGameViewController.swift */,
				BC99362E2072C7AA00F8F551 /* SettingsViewController.swift */,
			);
			path = Reading_Robot;
			sourceTree = "<group>";
		};
/* End PBXGroup section */

/* Begin PBXNativeTarget section */
		BC1A717B2038E71E00B2ECE6 /* Reading_Robot */ = {
			isa = PBXNativeTarget;
			buildConfigurationList = BC1A71942038E71E00B2ECE6 /* Build configuration list for PBXNativeTarget "Reading_Robot" */;
			buildPhases = (
				BC1A71782038E71E00B2ECE6 /* Sources */,
				BC1A71792038E71E00B2ECE6 /* Frameworks */,
				BC1A717A2038E71E00B2ECE6 /* Resources */,
			);
			buildRules = (
			);
			dependencies = (
			);
			name = Reading_Robot;
			productName = Reading_Robot;
			productReference = BC1A717C2038E71E00B2ECE6 /* Reading_Robot.app */;
			productType = "com.apple.product-type.application";
		};
/* End PBXNativeTarget section */

/* Begin PBXProject section */
		BC1A71742038E71E00B2ECE6 /* Project object */ = {
			isa = PBXProject;
			attributes = {
				LastSwiftUpdateCheck = 0920;
				LastUpgradeCheck = 0930;
				ORGANIZATIONNAME = "Hayden Lawler";
				TargetAttributes = {
					BC1A717B2038E71E00B2ECE6 = {
						CreatedOnToolsVersion = 9.2;
						ProvisioningStyle = Automatic;
					};
				};
			};
			buildConfigurationList = BC1A71772038E71E00B2ECE6 /* Build configuration list for PBXProject "Reading_Robot" */;
			compatibilityVersion = "Xcode 8.0";
			developmentRegion = en;
			hasScannedForEncodings = 0;
			knownRegions = (
				en,
				Base,
			);
			mainGroup = BC1A71732038E71E00B2ECE6;
			productRefGroup = BC1A717D2038E71E00B2ECE6 /* Products */;
			projectDirPath = "";
			projectRoot = "";
			targets = (
				BC1A717B2038E71E00B2ECE6 /* Reading_Robot */,
			);
		};
/* End PBXProject section */

/* Begin PBXResourcesBuildPhase section */
		BC1A717A2038E71E00B2ECE6 /* Resources */ = {
			isa = PBXResourcesBuildPhase;
			buildActionMask = 2147483647;
			files = (
				BCA9603D2060733800451BC8 /* music.mp3 in Resources */,
				BCA9603B2060560E00451BC8 /* ReadingRobot.db in Resources */,
				BCB8E805203F12FA00C12886 /* Main.storyboard in Resources */,
				BCB8E806203F12FA00C12886 /* LaunchScreen.storyboard in Resources */,
				BC1A718D2038E71E00B2ECE6 /* Assets.xcassets in Resources */,
			);
			runOnlyForDeploymentPostprocessing = 0;
		};
/* End PBXResourcesBuildPhase section */

/* Begin PBXSourcesBuildPhase section */
		BC1A71782038E71E00B2ECE6 /* Sources */ = {
			isa = PBXSourcesBuildPhase;
			buildActionMask = 2147483647;
			files = (
				BC1A71882038E71E00B2ECE6 /* GameViewController.swift in Sources */,
				BC1A4A782069B7AA00ED7463 /* TappingGame.swift in Sources */,
				D5873E492072AA5B008B3263 /* ProgressTableViewCell.swift in Sources */,
				D5909FB2203F40F300C9BEF1 /* LevelViewController.swift in Sources */,
				D5FFB68F2046321800619A1D /* AccountViewController.swift in Sources */,
				D5150C97203F6A8200D75CD0 /* CollectionViewCell.swift in Sources */,
				D5873E4520729542008B3263 /* ProgressViewController.swift in Sources */,
				D5909FB0203F3F0000C9BEF1 /* TitleViewController.swift in Sources */,
				BCB8E7F7203F109500C12886 /* GameScene.swift in Sources */,
				BC1A4A7A2069B8D500ED7463 /* TappingGameViewController.swift in Sources */,
				BC1A71802038E71E00B2ECE6 /* AppDelegate.swift in Sources */,
				BC99362F2072C7AA00F8F551 /* SettingsViewController.swift in Sources */,
			);
			runOnlyForDeploymentPostprocessing = 0;
		};
/* End PBXSourcesBuildPhase section */

/* Begin PBXVariantGroup section */
		BCB8E801203F12FA00C12886 /* Main.storyboard */ = {
			isa = PBXVariantGroup;
			children = (
				BCB8E802203F12FA00C12886 /* Base */,
			);
			name = Main.storyboard;
			sourceTree = "<group>";
		};
		BCB8E803203F12FA00C12886 /* LaunchScreen.storyboard */ = {
			isa = PBXVariantGroup;
			children = (
				BCB8E804203F12FA00C12886 /* Base */,
			);
			name = LaunchScreen.storyboard;
			sourceTree = "<group>";
		};
/* End PBXVariantGroup section */

/* Begin XCBuildConfiguration section */
		BC1A71922038E71E00B2ECE6 /* Debug */ = {
			isa = XCBuildConfiguration;
			buildSettings = {
				ALWAYS_SEARCH_USER_PATHS = NO;
				CLANG_ANALYZER_NONNULL = YES;
				CLANG_ANALYZER_NUMBER_OBJECT_CONVERSION = YES_AGGRESSIVE;
				CLANG_CXX_LANGUAGE_STANDARD = "gnu++14";
				CLANG_CXX_LIBRARY = "libc++";
				CLANG_ENABLE_MODULES = YES;
				CLANG_ENABLE_OBJC_ARC = YES;
				CLANG_WARN_BLOCK_CAPTURE_AUTORELEASING = YES;
				CLANG_WARN_BOOL_CONVERSION = YES;
				CLANG_WARN_COMMA = YES;
				CLANG_WARN_CONSTANT_CONVERSION = YES;
				CLANG_WARN_DEPRECATED_OBJC_IMPLEMENTATIONS = YES;
				CLANG_WARN_DIRECT_OBJC_ISA_USAGE = YES_ERROR;
				CLANG_WARN_DOCUMENTATION_COMMENTS = YES;
				CLANG_WARN_EMPTY_BODY = YES;
				CLANG_WARN_ENUM_CONVERSION = YES;
				CLANG_WARN_INFINITE_RECURSION = YES;
				CLANG_WARN_INT_CONVERSION = YES;
				CLANG_WARN_NON_LITERAL_NULL_CONVERSION = YES;
				CLANG_WARN_OBJC_IMPLICIT_RETAIN_SELF = YES;
				CLANG_WARN_OBJC_LITERAL_CONVERSION = YES;
				CLANG_WARN_OBJC_ROOT_CLASS = YES_ERROR;
				CLANG_WARN_RANGE_LOOP_ANALYSIS = YES;
				CLANG_WARN_STRICT_PROTOTYPES = YES;
				CLANG_WARN_SUSPICIOUS_MOVE = YES;
				CLANG_WARN_UNGUARDED_AVAILABILITY = YES_AGGRESSIVE;
				CLANG_WARN_UNREACHABLE_CODE = YES;
				CLANG_WARN__DUPLICATE_METHOD_MATCH = YES;
				CODE_SIGN_IDENTITY = "iPhone Developer";
				COPY_PHASE_STRIP = NO;
				DEBUG_INFORMATION_FORMAT = dwarf;
				ENABLE_STRICT_OBJC_MSGSEND = YES;
				ENABLE_TESTABILITY = YES;
				GCC_C_LANGUAGE_STANDARD = gnu11;
				GCC_DYNAMIC_NO_PIC = NO;
				GCC_NO_COMMON_BLOCKS = YES;
				GCC_OPTIMIZATION_LEVEL = 0;
				GCC_PREPROCESSOR_DEFINITIONS = (
					"DEBUG=1",
					"$(inherited)",
				);
				GCC_WARN_64_TO_32_BIT_CONVERSION = YES;
				GCC_WARN_ABOUT_RETURN_TYPE = YES_ERROR;
				GCC_WARN_UNDECLARED_SELECTOR = YES;
				GCC_WARN_UNINITIALIZED_AUTOS = YES_AGGRESSIVE;
				GCC_WARN_UNUSED_FUNCTION = YES;
				GCC_WARN_UNUSED_VARIABLE = YES;
				IPHONEOS_DEPLOYMENT_TARGET = 11.2;
				MTL_ENABLE_DEBUG_INFO = YES;
				ONLY_ACTIVE_ARCH = YES;
				SDKROOT = iphoneos;
				SWIFT_ACTIVE_COMPILATION_CONDITIONS = DEBUG;
				SWIFT_OPTIMIZATION_LEVEL = "-Onone";
			};
			name = Debug;
		};
		BC1A71932038E71E00B2ECE6 /* Release */ = {
			isa = XCBuildConfiguration;
			buildSettings = {
				ALWAYS_SEARCH_USER_PATHS = NO;
				CLANG_ANALYZER_NONNULL = YES;
				CLANG_ANALYZER_NUMBER_OBJECT_CONVERSION = YES_AGGRESSIVE;
				CLANG_CXX_LANGUAGE_STANDARD = "gnu++14";
				CLANG_CXX_LIBRARY = "libc++";
				CLANG_ENABLE_MODULES = YES;
				CLANG_ENABLE_OBJC_ARC = YES;
				CLANG_WARN_BLOCK_CAPTURE_AUTORELEASING = YES;
				CLANG_WARN_BOOL_CONVERSION = YES;
				CLANG_WARN_COMMA = YES;
				CLANG_WARN_CONSTANT_CONVERSION = YES;
				CLANG_WARN_DEPRECATED_OBJC_IMPLEMENTATIONS = YES;
				CLANG_WARN_DIRECT_OBJC_ISA_USAGE = YES_ERROR;
				CLANG_WARN_DOCUMENTATION_COMMENTS = YES;
				CLANG_WARN_EMPTY_BODY = YES;
				CLANG_WARN_ENUM_CONVERSION = YES;
				CLANG_WARN_INFINITE_RECURSION = YES;
				CLANG_WARN_INT_CONVERSION = YES;
				CLANG_WARN_NON_LITERAL_NULL_CONVERSION = YES;
				CLANG_WARN_OBJC_IMPLICIT_RETAIN_SELF = YES;
				CLANG_WARN_OBJC_LITERAL_CONVERSION = YES;
				CLANG_WARN_OBJC_ROOT_CLASS = YES_ERROR;
				CLANG_WARN_RANGE_LOOP_ANALYSIS = YES;
				CLANG_WARN_STRICT_PROTOTYPES = YES;
				CLANG_WARN_SUSPICIOUS_MOVE = YES;
				CLANG_WARN_UNGUARDED_AVAILABILITY = YES_AGGRESSIVE;
				CLANG_WARN_UNREACHABLE_CODE = YES;
				CLANG_WARN__DUPLICATE_METHOD_MATCH = YES;
				CODE_SIGN_IDENTITY = "iPhone Developer";
				COPY_PHASE_STRIP = NO;
				DEBUG_INFORMATION_FORMAT = "dwarf-with-dsym";
				ENABLE_NS_ASSERTIONS = NO;
				ENABLE_STRICT_OBJC_MSGSEND = YES;
				GCC_C_LANGUAGE_STANDARD = gnu11;
				GCC_NO_COMMON_BLOCKS = YES;
				GCC_WARN_64_TO_32_BIT_CONVERSION = YES;
				GCC_WARN_ABOUT_RETURN_TYPE = YES_ERROR;
				GCC_WARN_UNDECLARED_SELECTOR = YES;
				GCC_WARN_UNINITIALIZED_AUTOS = YES_AGGRESSIVE;
				GCC_WARN_UNUSED_FUNCTION = YES;
				GCC_WARN_UNUSED_VARIABLE = YES;
				IPHONEOS_DEPLOYMENT_TARGET = 11.2;
				MTL_ENABLE_DEBUG_INFO = NO;
				SDKROOT = iphoneos;
				SWIFT_OPTIMIZATION_LEVEL = "-Owholemodule";
				VALIDATE_PRODUCT = YES;
			};
			name = Release;
		};
		BC1A71952038E71E00B2ECE6 /* Debug */ = {
			isa = XCBuildConfiguration;
			buildSettings = {
				ASSETCATALOG_COMPILER_APPICON_NAME = AppIcon;
				CODE_SIGN_STYLE = Automatic;
				DEVELOPMENT_TEAM = NU2934BPLT;
				INFOPLIST_FILE = Reading_Robot/Info.plist;
				LD_RUNPATH_SEARCH_PATHS = "$(inherited) @executable_path/Frameworks";
				PRODUCT_BUNDLE_IDENTIFIER = "comp585.Reading-Robot";
				PRODUCT_NAME = "$(TARGET_NAME)";
				SWIFT_VERSION = 4.0;
				TARGETED_DEVICE_FAMILY = "1,2";
			};
			name = Debug;
		};
		BC1A71962038E71E00B2ECE6 /* Release */ = {
			isa = XCBuildConfiguration;
			buildSettings = {
				ASSETCATALOG_COMPILER_APPICON_NAME = AppIcon;
				CODE_SIGN_STYLE = Automatic;
				DEVELOPMENT_TEAM = NU2934BPLT;
				INFOPLIST_FILE = Reading_Robot/Info.plist;
				LD_RUNPATH_SEARCH_PATHS = "$(inherited) @executable_path/Frameworks";
				PRODUCT_BUNDLE_IDENTIFIER = "comp585.Reading-Robot";
				PRODUCT_NAME = "$(TARGET_NAME)";
				SWIFT_VERSION = 4.0;
				TARGETED_DEVICE_FAMILY = "1,2";
			};
			name = Release;
		};
/* End XCBuildConfiguration section */

/* Begin XCConfigurationList section */
		BC1A71772038E71E00B2ECE6 /* Build configuration list for PBXProject "Reading_Robot" */ = {
			isa = XCConfigurationList;
			buildConfigurations = (
				BC1A71922038E71E00B2ECE6 /* Debug */,
				BC1A71932038E71E00B2ECE6 /* Release */,
			);
			defaultConfigurationIsVisible = 0;
			defaultConfigurationName = Release;
		};
		BC1A71942038E71E00B2ECE6 /* Build configuration list for PBXNativeTarget "Reading_Robot" */ = {
			isa = XCConfigurationList;
			buildConfigurations = (
				BC1A71952038E71E00B2ECE6 /* Debug */,
				BC1A71962038E71E00B2ECE6 /* Release */,
			);
			defaultConfigurationIsVisible = 0;
			defaultConfigurationName = Release;
		};
/* End XCConfigurationList section */
	};
	rootObject = BC1A71742038E71E00B2ECE6 /* Project object */;
}
